
Microsoft Visual Studio Solution File, Format Version 12.00
# Visual Studio Version 17
VisualStudioVersion = 17.8.34330.188
MinimumVisualStudioVersion = 10.0.40219.1
Project("{FAE04EC0-301F-11D3-BF4B-00C04F79EFBC}") = "Pharmacy", "Pharmacy.csproj", "{EB3E662C-9CA4-4541-92BD-24081F5A66E1}"
EndProject
Global
	GlobalSection(SolutionConfigurationPlatforms) = preSolution
		Debug|Any CPU = Debug|Any CPU
		Release|Any CPU = Release|Any CPU
	EndGlobalSection
	GlobalSection(ProjectConfigurationPlatforms) = postSolution
		{EB3E662C-9CA4-4541-92BD-24081F5A66E1}.Debug|Any CPU.ActiveCfg = Debug|Any CPU
		{EB3E662C-9CA4-4541-92BD-24081F5A66E1}.Debug|Any CPU.Build.0 = Debug|Any CPU
		{EB3E662C-9CA4-4541-92BD-24081F5A66E1}.Release|Any CPU.ActiveCfg = Release|Any CPU
		{EB3E662C-9CA4-4541-92BD-24081F5A66E1}.Release|Any CPU.Build.0 = Release|Any CPU
	EndGlobalSection
	GlobalSection(SolutionProperties) = preSolution
		HideSolutionNode = FALSE
	EndGlobalSection
	GlobalSection(ExtensibilityGlobals) = postSolution
		SolutionGuid = {CB91D815-E301-4CAF-8A0C-F9BF8E743C9D}
	EndGlobalSection
EndGlobal
